
Microsoft Visual Studio Solution File, Format Version 12.00
# Visual Studio 15
VisualStudioVersion = 15.0.26403.7
MinimumVisualStudioVersion = 10.0.40219.1
Project("{FAE04EC0-301F-11D3-BF4B-00C04F79EFBC}") = "DataPortal.Web", "DataPortal.Web\DataPortal.Web.csproj", "{09E12D7F-46AE-4691-AF3D-C7F7E7F84492}"
EndProject
Project("{FAE04EC0-301F-11D3-BF4B-00C04F79EFBC}") = "DataPortal.Web.Tests", "DataPortal.Web.Tests\DataPortal.Web.Tests.csproj", "{3C6A32FE-2ACD-478E-AB76-EB2F3EBEF888}"
EndProject
Project("{FAE04EC0-301F-11D3-BF4B-00C04F79EFBC}") = "DataPortal.WebAPI", "DataPortal.WebAPI\DataPortal.WebAPI.csproj", "{6D2C6528-3411-4587-B0EC-657D57027B9C}"
EndProject
Project("{2150E333-8FDC-42A3-9474-1A3956D46DE8}") = "Web API", "Web API", "{E5BAC037-035A-4123-9D73-BF7249DBA94B}"
EndProject
Project("{2150E333-8FDC-42A3-9474-1A3956D46DE8}") = "Web", "Web", "{4B08D38B-253C-4B78-B0A5-ACEE5CE3488C}"
EndProject
Project("{2150E333-8FDC-42A3-9474-1A3956D46DE8}") = "Infrastructure", "Infrastructure", "{59081928-33C7-4FF1-A800-E717D1023DD2}"
EndProject
Project("{FAE04EC0-301F-11D3-BF4B-00C04F79EFBC}") = "DataPortal.DataContext", "DataPortal.DataContext\DataPortal.DataContext.csproj", "{11A31A66-B0EC-43F0-9836-CCD6E0177DE3}"
EndProject
Project("{FAE04EC0-301F-11D3-BF4B-00C04F79EFBC}") = "DataPortal.Services", "DataPortal.Services\DataPortal.Services.csproj", "{BF808765-982B-4493-8CFC-B267C36CDFAA}"
EndProject
Global
	GlobalSection(SolutionConfigurationPlatforms) = preSolution
		Debug|Any CPU = Debug|Any CPU
		Release|Any CPU = Release|Any CPU
	EndGlobalSection
	GlobalSection(ProjectConfigurationPlatforms) = postSolution
		{09E12D7F-46AE-4691-AF3D-C7F7E7F84492}.Debug|Any CPU.ActiveCfg = Debug|Any CPU
		{09E12D7F-46AE-4691-AF3D-C7F7E7F84492}.Debug|Any CPU.Build.0 = Debug|Any CPU
		{09E12D7F-46AE-4691-AF3D-C7F7E7F84492}.Release|Any CPU.ActiveCfg = Release|Any CPU
		{09E12D7F-46AE-4691-AF3D-C7F7E7F84492}.Release|Any CPU.Build.0 = Release|Any CPU
		{3C6A32FE-2ACD-478E-AB76-EB2F3EBEF888}.Debug|Any CPU.ActiveCfg = Debug|Any CPU
		{3C6A32FE-2ACD-478E-AB76-EB2F3EBEF888}.Debug|Any CPU.Build.0 = Debug|Any CPU
		{3C6A32FE-2ACD-478E-AB76-EB2F3EBEF888}.Release|Any CPU.ActiveCfg = Release|Any CPU
		{3C6A32FE-2ACD-478E-AB76-EB2F3EBEF888}.Release|Any CPU.Build.0 = Release|Any CPU
		{6D2C6528-3411-4587-B0EC-657D57027B9C}.Debug|Any CPU.ActiveCfg = Debug|Any CPU
		{6D2C6528-3411-4587-B0EC-657D57027B9C}.Debug|Any CPU.Build.0 = Debug|Any CPU
		{6D2C6528-3411-4587-B0EC-657D57027B9C}.Release|Any CPU.ActiveCfg = Release|Any CPU
		{6D2C6528-3411-4587-B0EC-657D57027B9C}.Release|Any CPU.Build.0 = Release|Any CPU
		{11A31A66-B0EC-43F0-9836-CCD6E0177DE3}.Debug|Any CPU.ActiveCfg = Debug|Any CPU
		{11A31A66-B0EC-43F0-9836-CCD6E0177DE3}.Debug|Any CPU.Build.0 = Debug|Any CPU
		{11A31A66-B0EC-43F0-9836-CCD6E0177DE3}.Release|Any CPU.ActiveCfg = Release|Any CPU
		{11A31A66-B0EC-43F0-9836-CCD6E0177DE3}.Release|Any CPU.Build.0 = Release|Any CPU
		{BF808765-982B-4493-8CFC-B267C36CDFAA}.Debug|Any CPU.ActiveCfg = Debug|Any CPU
		{BF808765-982B-4493-8CFC-B267C36CDFAA}.Debug|Any CPU.Build.0 = Debug|Any CPU
		{BF808765-982B-4493-8CFC-B267C36CDFAA}.Release|Any CPU.ActiveCfg = Release|Any CPU
		{BF808765-982B-4493-8CFC-B267C36CDFAA}.Release|Any CPU.Build.0 = Release|Any CPU
	EndGlobalSection
	GlobalSection(SolutionProperties) = preSolution
		HideSolutionNode = FALSE
	EndGlobalSection
	GlobalSection(NestedProjects) = preSolution
		{09E12D7F-46AE-4691-AF3D-C7F7E7F84492} = {4B08D38B-253C-4B78-B0A5-ACEE5CE3488C}
		{3C6A32FE-2ACD-478E-AB76-EB2F3EBEF888} = {4B08D38B-253C-4B78-B0A5-ACEE5CE3488C}
		{6D2C6528-3411-4587-B0EC-657D57027B9C} = {E5BAC037-035A-4123-9D73-BF7249DBA94B}
		{11A31A66-B0EC-43F0-9836-CCD6E0177DE3} = {59081928-33C7-4FF1-A800-E717D1023DD2}
		{BF808765-982B-4493-8CFC-B267C36CDFAA} = {59081928-33C7-4FF1-A800-E717D1023DD2}
	EndGlobalSection
EndGlobal
